
Microsoft Visual Studio Solution File, Format Version 12.00
# Visual Studio Version 16
VisualStudioVersion = 16.0.30608.117
MinimumVisualStudioVersion = 10.0.40219.1
Project("{2150E333-8FDC-42A3-9474-1A3956D46DE8}") = "source", "source", "{4F96181B-74FB-48D4-BD50-EE5C84FD0A5D}"
EndProject
Project("{2150E333-8FDC-42A3-9474-1A3956D46DE8}") = "tests", "tests", "{4D440867-3FC9-4B90-BCCB-A0B526CE459B}"
EndProject
Project("{FAE04EC0-301F-11D3-BF4B-00C04F79EFBC}") = "Append.Blazor.Fast", "source\Append.Blazor.Fast\Append.Blazor.Fast.csproj", "{79F34DEE-C214-4544-A44D-E8D82F54BE11}"
EndProject
Global
	GlobalSection(SolutionConfigurationPlatforms) = preSolution
		Debug|Any CPU = Debug|Any CPU
		Release|Any CPU = Release|Any CPU
	EndGlobalSection
	GlobalSection(ProjectConfigurationPlatforms) = postSolution
		{79F34DEE-C214-4544-A44D-E8D82F54BE11}.Debug|Any CPU.ActiveCfg = Debug|Any CPU
		{79F34DEE-C214-4544-A44D-E8D82F54BE11}.Debug|Any CPU.Build.0 = Debug|Any CPU
		{79F34DEE-C214-4544-A44D-E8D82F54BE11}.Release|Any CPU.ActiveCfg = Release|Any CPU
		{79F34DEE-C214-4544-A44D-E8D82F54BE11}.Release|Any CPU.Build.0 = Release|Any CPU
	EndGlobalSection
	GlobalSection(SolutionProperties) = preSolution
		HideSolutionNode = FALSE
	EndGlobalSection
	GlobalSection(NestedProjects) = preSolution
		{79F34DEE-C214-4544-A44D-E8D82F54BE11} = {4F96181B-74FB-48D4-BD50-EE5C84FD0A5D}
	EndGlobalSection
	GlobalSection(ExtensibilityGlobals) = postSolution
		SolutionGuid = {AF88F018-BC50-442A-9BE1-06EC5264796B}
	EndGlobalSection
EndGlobal
